// !$*UTF8*$!
{
	archiveVersion = 1;
	classes = {
	};
	objectVersion = 50;
	objects = {

/* Begin PBXBuildFile section */
		5734756221DA90C700FB6177 /* AppDelegate.swift in Sources */ = {isa = PBXBuildFile; fileRef = 5734756121DA90C700FB6177 /* AppDelegate.swift */; };
		5734756421DA90C700FB6177 /* ElementsViewController.swift in Sources */ = {isa = PBXBuildFile; fileRef = 5734756321DA90C700FB6177 /* ElementsViewController.swift */; };
		5734756721DA90C700FB6177 /* Main.storyboard in Resources */ = {isa = PBXBuildFile; fileRef = 5734756521DA90C700FB6177 /* Main.storyboard */; };
		5734756921DA90C800FB6177 /* Assets.xcassets in Resources */ = {isa = PBXBuildFile; fileRef = 5734756821DA90C800FB6177 /* Assets.xcassets */; };
		5734756C21DA90C800FB6177 /* LaunchScreen.storyboard in Resources */ = {isa = PBXBuildFile; fileRef = 5734756A21DA90C800FB6177 /* LaunchScreen.storyboard */; };
		805E5D3623ABCD5000C5DE01 /* FavoritesViewController.swift in Sources */ = {isa = PBXBuildFile; fileRef = 805E5D3523ABCD5000C5DE01 /* FavoritesViewController.swift */; };
		805E5D3823ABCD6200C5DE01 /* DetailViewController.swift in Sources */ = {isa = PBXBuildFile; fileRef = 805E5D3723ABCD6200C5DE01 /* DetailViewController.swift */; };
		805E5D3B23ABCDA100C5DE01 /* ElementCell.swift in Sources */ = {isa = PBXBuildFile; fileRef = 805E5D3A23ABCDA100C5DE01 /* ElementCell.swift */; };
		805E5D3F23ABD2FC00C5DE01 /* ElementsDataLoad.swift in Sources */ = {isa = PBXBuildFile; fileRef = 805E5D3E23ABD2FC00C5DE01 /* ElementsDataLoad.swift */; };
		805E5D4123ABD55700C5DE01 /* ElementsAPIClient.swift in Sources */ = {isa = PBXBuildFile; fileRef = 805E5D4023ABD55700C5DE01 /* ElementsAPIClient.swift */; };
		805E5D4523ABD61B00C5DE01 /* AppError.swift in Sources */ = {isa = PBXBuildFile; fileRef = 805E5D4423ABD61B00C5DE01 /* AppError.swift */; };
		805E5D4723ABD62F00C5DE01 /* NetworkHelper.swift in Sources */ = {isa = PBXBuildFile; fileRef = 805E5D4623ABD62F00C5DE01 /* NetworkHelper.swift */; };
		805E5D4923ABE71600C5DE01 /* UIImage+Extensions.swift in Sources */ = {isa = PBXBuildFile; fileRef = 805E5D4823ABE71600C5DE01 /* UIImage+Extensions.swift */; };
		805E5D4B23AC068800C5DE01 /* ViewControllers+Alerts.swift in Sources */ = {isa = PBXBuildFile; fileRef = 805E5D4A23AC068800C5DE01 /* ViewControllers+Alerts.swift */; };
		806781E623AC1CFE0020C9CF /* ElementsTests.swift in Sources */ = {isa = PBXBuildFile; fileRef = 806781E523AC1CFE0020C9CF /* ElementsTests.swift */; };
/* End PBXBuildFile section */

/* Begin PBXContainerItemProxy section */
		806781E823AC1CFE0020C9CF /* PBXContainerItemProxy */ = {
			isa = PBXContainerItemProxy;
			containerPortal = 5734755621DA90C700FB6177 /* Project object */;
			proxyType = 1;
			remoteGlobalIDString = 5734755D21DA90C700FB6177;
			remoteInfo = Elements;
		};
/* End PBXContainerItemProxy section */

/* Begin PBXFileReference section */
		5734755E21DA90C700FB6177 /* Elements.app */ = {isa = PBXFileReference; explicitFileType = wrapper.application; includeInIndex = 0; path = Elements.app; sourceTree = BUILT_PRODUCTS_DIR; };
		5734756121DA90C700FB6177 /* AppDelegate.swift */ = {isa = PBXFileReference; lastKnownFileType = sourcecode.swift; path = AppDelegate.swift; sourceTree = "<group>"; };
		5734756321DA90C700FB6177 /* ElementsViewController.swift */ = {isa = PBXFileReference; lastKnownFileType = sourcecode.swift; path = ElementsViewController.swift; sourceTree = "<group>"; };
		5734756621DA90C700FB6177 /* Base */ = {isa = PBXFileReference; lastKnownFileType = file.storyboard; name = Base; path = Base.lproj/Main.storyboard; sourceTree = "<group>"; };
		5734756821DA90C800FB6177 /* Assets.xcassets */ = {isa = PBXFileReference; lastKnownFileType = folder.assetcatalog; path = Assets.xcassets; sourceTree = "<group>"; };
		5734756B21DA90C800FB6177 /* Base */ = {isa = PBXFileReference; lastKnownFileType = file.storyboard; name = Base; path = Base.lproj/LaunchScreen.storyboard; sourceTree = "<group>"; };
		5734756D21DA90C800FB6177 /* Info.plist */ = {isa = PBXFileReference; lastKnownFileType = text.plist.xml; path = Info.plist; sourceTree = "<group>"; };
		805E5D3523ABCD5000C5DE01 /* FavoritesViewController.swift */ = {isa = PBXFileReference; lastKnownFileType = sourcecode.swift; path = FavoritesViewController.swift; sourceTree = "<group>"; };
		805E5D3723ABCD6200C5DE01 /* DetailViewController.swift */ = {isa = PBXFileReference; lastKnownFileType = sourcecode.swift; path = DetailViewController.swift; sourceTree = "<group>"; };
		805E5D3A23ABCDA100C5DE01 /* ElementCell.swift */ = {isa = PBXFileReference; lastKnownFileType = sourcecode.swift; path = ElementCell.swift; sourceTree = "<group>"; };
		805E5D3E23ABD2FC00C5DE01 /* ElementsDataLoad.swift */ = {isa = PBXFileReference; lastKnownFileType = sourcecode.swift; path = ElementsDataLoad.swift; sourceTree = "<group>"; };
		805E5D4023ABD55700C5DE01 /* ElementsAPIClient.swift */ = {isa = PBXFileReference; lastKnownFileType = sourcecode.swift; path = ElementsAPIClient.swift; sourceTree = "<group>"; };
		805E5D4423ABD61B00C5DE01 /* AppError.swift */ = {isa = PBXFileReference; lastKnownFileType = sourcecode.swift; path = AppError.swift; sourceTree = "<group>"; };
		805E5D4623ABD62F00C5DE01 /* NetworkHelper.swift */ = {isa = PBXFileReference; lastKnownFileType = sourcecode.swift; path = NetworkHelper.swift; sourceTree = "<group>"; };
		805E5D4823ABE71600C5DE01 /* UIImage+Extensions.swift */ = {isa = PBXFileReference; lastKnownFileType = sourcecode.swift; path = "UIImage+Extensions.swift"; sourceTree = "<group>"; };
		805E5D4A23AC068800C5DE01 /* ViewControllers+Alerts.swift */ = {isa = PBXFileReference; lastKnownFileType = sourcecode.swift; path = "ViewControllers+Alerts.swift"; sourceTree = "<group>"; };
		806781E323AC1CFE0020C9CF /* ElementsTests.xctest */ = {isa = PBXFileReference; explicitFileType = wrapper.cfbundle; includeInIndex = 0; path = ElementsTests.xctest; sourceTree = BUILT_PRODUCTS_DIR; };
		806781E523AC1CFE0020C9CF /* ElementsTests.swift */ = {isa = PBXFileReference; lastKnownFileType = sourcecode.swift; path = ElementsTests.swift; sourceTree = "<group>"; };
		806781E723AC1CFE0020C9CF /* Info.plist */ = {isa = PBXFileReference; lastKnownFileType = text.plist.xml; path = Info.plist; sourceTree = "<group>"; };
/* End PBXFileReference section */

/* Begin PBXFrameworksBuildPhase section */
		5734755B21DA90C700FB6177 /* Frameworks */ = {
			isa = PBXFrameworksBuildPhase;
			buildActionMask = 2147483647;
			files = (
			);
			runOnlyForDeploymentPostprocessing = 0;
		};
		806781E023AC1CFE0020C9CF /* Frameworks */ = {
			isa = PBXFrameworksBuildPhase;
			buildActionMask = 2147483647;
			files = (
			);
			runOnlyForDeploymentPostprocessing = 0;
		};
/* End PBXFrameworksBuildPhase section */

/* Begin PBXGroup section */
		5734755521DA90C700FB6177 = {
			isa = PBXGroup;
			children = (
				5734756021DA90C700FB6177 /* Elements */,
				806781E423AC1CFE0020C9CF /* ElementsTests */,
				5734755F21DA90C700FB6177 /* Products */,
			);
			sourceTree = "<group>";
		};
		5734755F21DA90C700FB6177 /* Products */ = {
			isa = PBXGroup;
			children = (
				5734755E21DA90C700FB6177 /* Elements.app */,
				806781E323AC1CFE0020C9CF /* ElementsTests.xctest */,
			);
			name = Products;
			sourceTree = "<group>";
		};
		5734756021DA90C700FB6177 /* Elements */ = {
			isa = PBXGroup;
			children = (
				5734756521DA90C700FB6177 /* Main.storyboard */,
				805E5D4323ABD57F00C5DE01 /* Extensions */,
				805E5D4223ABD57500C5DE01 /* Network Services */,
				805E5D3C23ABD2CF00C5DE01 /* Model */,
				805E5D3D23ABD2D800C5DE01 /* APIClient */,
				805E5D3223ABCCBE00C5DE01 /* View Controllers */,
				805E5D3923ABCD7400C5DE01 /* Custom Cell */,
				5734757321DA90F500FB6177 /* Supporting Files */,
				5734756D21DA90C800FB6177 /* Info.plist */,
			);
			path = Elements;
			sourceTree = "<group>";
		};
		5734757321DA90F500FB6177 /* Supporting Files */ = {
			isa = PBXGroup;
			children = (
				5734756121DA90C700FB6177 /* AppDelegate.swift */,
				5734756821DA90C800FB6177 /* Assets.xcassets */,
				5734756A21DA90C800FB6177 /* LaunchScreen.storyboard */,
			);
			path = "Supporting Files";
			sourceTree = "<group>";
		};
		805E5D3223ABCCBE00C5DE01 /* View Controllers */ = {
			isa = PBXGroup;
			children = (
				5734756321DA90C700FB6177 /* ElementsViewController.swift */,
				805E5D3723ABCD6200C5DE01 /* DetailViewController.swift */,
				805E5D3523ABCD5000C5DE01 /* FavoritesViewController.swift */,
			);
			path = "View Controllers";
			sourceTree = "<group>";
		};
		805E5D3923ABCD7400C5DE01 /* Custom Cell */ = {
			isa = PBXGroup;
			children = (
				805E5D3A23ABCDA100C5DE01 /* ElementCell.swift */,
			);
			path = "Custom Cell";
			sourceTree = "<group>";
		};
		805E5D3C23ABD2CF00C5DE01 /* Model */ = {
			isa = PBXGroup;
			children = (
				805E5D3E23ABD2FC00C5DE01 /* ElementsDataLoad.swift */,
			);
			path = Model;
			sourceTree = "<group>";
		};
		805E5D3D23ABD2D800C5DE01 /* APIClient */ = {
			isa = PBXGroup;
			children = (
				805E5D4023ABD55700C5DE01 /* ElementsAPIClient.swift */,
			);
			path = APIClient;
			sourceTree = "<group>";
		};
		805E5D4223ABD57500C5DE01 /* Network Services */ = {
			isa = PBXGroup;
			children = (
				805E5D4423ABD61B00C5DE01 /* AppError.swift */,
				805E5D4623ABD62F00C5DE01 /* NetworkHelper.swift */,
			);
			path = "Network Services";
			sourceTree = "<group>";
		};
		805E5D4323ABD57F00C5DE01 /* Extensions */ = {
			isa = PBXGroup;
			children = (
				805E5D4823ABE71600C5DE01 /* UIImage+Extensions.swift */,
				805E5D4A23AC068800C5DE01 /* ViewControllers+Alerts.swift */,
			);
			path = Extensions;
			sourceTree = "<group>";
		};
		806781E423AC1CFE0020C9CF /* ElementsTests */ = {
			isa = PBXGroup;
			children = (
				806781E523AC1CFE0020C9CF /* ElementsTests.swift */,
				806781E723AC1CFE0020C9CF /* Info.plist */,
			);
			path = ElementsTests;
			sourceTree = "<group>";
		};
/* End PBXGroup section */

/* Begin PBXNativeTarget section */
		5734755D21DA90C700FB6177 /* Elements */ = {
			isa = PBXNativeTarget;
			buildConfigurationList = 5734757021DA90C800FB6177 /* Build configuration list for PBXNativeTarget "Elements" */;
			buildPhases = (
				5734755A21DA90C700FB6177 /* Sources */,
				5734755B21DA90C700FB6177 /* Frameworks */,
				5734755C21DA90C700FB6177 /* Resources */,
			);
			buildRules = (
			);
			dependencies = (
			);
			name = Elements;
			productName = Elements;
			productReference = 5734755E21DA90C700FB6177 /* Elements.app */;
			productType = "com.apple.product-type.application";
		};
		806781E223AC1CFE0020C9CF /* ElementsTests */ = {
			isa = PBXNativeTarget;
			buildConfigurationList = 806781EA23AC1CFE0020C9CF /* Build configuration list for PBXNativeTarget "ElementsTests" */;
			buildPhases = (
				806781DF23AC1CFE0020C9CF /* Sources */,
				806781E023AC1CFE0020C9CF /* Frameworks */,
				806781E123AC1CFE0020C9CF /* Resources */,
			);
			buildRules = (
			);
			dependencies = (
				806781E923AC1CFE0020C9CF /* PBXTargetDependency */,
			);
			name = ElementsTests;
			productName = ElementsTests;
			productReference = 806781E323AC1CFE0020C9CF /* ElementsTests.xctest */;
			productType = "com.apple.product-type.bundle.unit-test";
		};
/* End PBXNativeTarget section */

/* Begin PBXProject section */
		5734755621DA90C700FB6177 /* Project object */ = {
			isa = PBXProject;
			attributes = {
				LastSwiftUpdateCheck = 1120;
				LastUpgradeCheck = 1010;
				ORGANIZATIONNAME = Pursuit;
				TargetAttributes = {
					5734755D21DA90C700FB6177 = {
						CreatedOnToolsVersion = 10.1;
					};
					806781E223AC1CFE0020C9CF = {
						CreatedOnToolsVersion = 11.2.1;
						TestTargetID = 5734755D21DA90C700FB6177;
					};
				};
			};
			buildConfigurationList = 5734755921DA90C700FB6177 /* Build configuration list for PBXProject "Elements" */;
			compatibilityVersion = "Xcode 9.3";
			developmentRegion = en;
			hasScannedForEncodings = 0;
			knownRegions = (
				en,
				Base,
			);
			mainGroup = 5734755521DA90C700FB6177;
			productRefGroup = 5734755F21DA90C700FB6177 /* Products */;
			projectDirPath = "";
			projectRoot = "";
			targets = (
				5734755D21DA90C700FB6177 /* Elements */,
				806781E223AC1CFE0020C9CF /* ElementsTests */,
			);
		};
/* End PBXProject section */

/* Begin PBXResourcesBuildPhase section */
		5734755C21DA90C700FB6177 /* Resources */ = {
			isa = PBXResourcesBuildPhase;
			buildActionMask = 2147483647;
			files = (
				5734756C21DA90C800FB6177 /* LaunchScreen.storyboard in Resources */,
				5734756921DA90C800FB6177 /* Assets.xcassets in Resources */,
				5734756721DA90C700FB6177 /* Main.storyboard in Resources */,
			);
			runOnlyForDeploymentPostprocessing = 0;
		};
		806781E123AC1CFE0020C9CF /* Resources */ = {
			isa = PBXResourcesBuildPhase;
			buildActionMask = 2147483647;
			files = (
			);
			runOnlyForDeploymentPostprocessing = 0;
		};
/* End PBXResourcesBuildPhase section */

/* Begin PBXSourcesBuildPhase section */
		5734755A21DA90C700FB6177 /* Sources */ = {
			isa = PBXSourcesBuildPhase;
			buildActionMask = 2147483647;
			files = (
				805E5D3F23ABD2FC00C5DE01 /* ElementsDataLoad.swift in Sources */,
				805E5D4723ABD62F00C5DE01 /* NetworkHelper.swift in Sources */,
				5734756421DA90C700FB6177 /* ElementsViewController.swift in Sources */,
				805E5D4123ABD55700C5DE01 /* ElementsAPIClient.swift in Sources */,
				805E5D4B23AC068800C5DE01 /* ViewControllers+Alerts.swift in Sources */,
				805E5D3B23ABCDA100C5DE01 /* ElementCell.swift in Sources */,
				805E5D4923ABE71600C5DE01 /* UIImage+Extensions.swift in Sources */,
				805E5D4523ABD61B00C5DE01 /* AppError.swift in Sources */,
				805E5D3623ABCD5000C5DE01 /* FavoritesViewController.swift in Sources */,
				5734756221DA90C700FB6177 /* AppDelegate.swift in Sources */,
				805E5D3823ABCD6200C5DE01 /* DetailViewController.swift in Sources */,
			);
			runOnlyForDeploymentPostprocessing = 0;
		};
		806781DF23AC1CFE0020C9CF /* Sources */ = {
			isa = PBXSourcesBuildPhase;
			buildActionMask = 2147483647;
			files = (
				806781E623AC1CFE0020C9CF /* ElementsTests.swift in Sources */,
			);
			runOnlyForDeploymentPostprocessing = 0;
		};
/* End PBXSourcesBuildPhase section */

/* Begin PBXTargetDependency section */
		806781E923AC1CFE0020C9CF /* PBXTargetDependency */ = {
			isa = PBXTargetDependency;
			target = 5734755D21DA90C700FB6177 /* Elements */;
			targetProxy = 806781E823AC1CFE0020C9CF /* PBXContainerItemProxy */;
		};
/* End PBXTargetDependency section */

/* Begin PBXVariantGroup section */
		5734756521DA90C700FB6177 /* Main.storyboard */ = {
			isa = PBXVariantGroup;
			children = (
				5734756621DA90C700FB6177 /* Base */,
			);
			name = Main.storyboard;
			sourceTree = "<group>";
		};
		5734756A21DA90C800FB6177 /* LaunchScreen.storyboard */ = {
			isa = PBXVariantGroup;
			children = (
				5734756B21DA90C800FB6177 /* Base */,
			);
			name = LaunchScreen.storyboard;
			sourceTree = "<group>";
		};
/* End PBXVariantGroup section */

/* Begin XCBuildConfiguration section */
		5734756E21DA90C800FB6177 /* Debug */ = {
			isa = XCBuildConfiguration;
			buildSettings = {
				ALWAYS_SEARCH_USER_PATHS = NO;
				CLANG_ANALYZER_NONNULL = YES;
				CLANG_ANALYZER_NUMBER_OBJECT_CONVERSION = YES_AGGRESSIVE;
				CLANG_CXX_LANGUAGE_STANDARD = "gnu++14";
				CLANG_CXX_LIBRARY = "libc++";
				CLANG_ENABLE_MODULES = YES;
				CLANG_ENABLE_OBJC_ARC = YES;
				CLANG_ENABLE_OBJC_WEAK = YES;
				CLANG_WARN_BLOCK_CAPTURE_AUTORELEASING = YES;
				CLANG_WARN_BOOL_CONVERSION = YES;
				CLANG_WARN_COMMA = YES;
				CLANG_WARN_CONSTANT_CONVERSION = YES;
				CLANG_WARN_DEPRECATED_OBJC_IMPLEMENTATIONS = YES;
				CLANG_WARN_DIRECT_OBJC_ISA_USAGE = YES_ERROR;
				CLANG_WARN_DOCUMENTATION_COMMENTS = YES;
				CLANG_WARN_EMPTY_BODY = YES;
				CLANG_WARN_ENUM_CONVERSION = YES;
				CLANG_WARN_INFINITE_RECURSION = YES;
				CLANG_WARN_INT_CONVERSION = YES;
				CLANG_WARN_NON_LITERAL_NULL_CONVERSION = YES;
				CLANG_WARN_OBJC_IMPLICIT_RETAIN_SELF = YES;
				CLANG_WARN_OBJC_LITERAL_CONVERSION = YES;
				CLANG_WARN_OBJC_ROOT_CLASS = YES_ERROR;
				CLANG_WARN_RANGE_LOOP_ANALYSIS = YES;
				CLANG_WARN_STRICT_PROTOTYPES = YES;
				CLANG_WARN_SUSPICIOUS_MOVE = YES;
				CLANG_WARN_UNGUARDED_AVAILABILITY = YES_AGGRESSIVE;
				CLANG_WARN_UNREACHABLE_CODE = YES;
				CLANG_WARN__DUPLICATE_METHOD_MATCH = YES;
				CODE_SIGN_IDENTITY = "iPhone Developer";
				COPY_PHASE_STRIP = NO;
				DEBUG_INFORMATION_FORMAT = dwarf;
				ENABLE_STRICT_OBJC_MSGSEND = YES;
				ENABLE_TESTABILITY = YES;
				GCC_C_LANGUAGE_STANDARD = gnu11;
				GCC_DYNAMIC_NO_PIC = NO;
				GCC_NO_COMMON_BLOCKS = YES;
				GCC_OPTIMIZATION_LEVEL = 0;
				GCC_PREPROCESSOR_DEFINITIONS = (
					"DEBUG=1",
					"$(inherited)",
				);
				GCC_WARN_64_TO_32_BIT_CONVERSION = YES;
				GCC_WARN_ABOUT_RETURN_TYPE = YES_ERROR;
				GCC_WARN_UNDECLARED_SELECTOR = YES;
				GCC_WARN_UNINITIALIZED_AUTOS = YES_AGGRESSIVE;
				GCC_WARN_UNUSED_FUNCTION = YES;
				GCC_WARN_UNUSED_VARIABLE = YES;
				IPHONEOS_DEPLOYMENT_TARGET = 12.1;
				MTL_ENABLE_DEBUG_INFO = INCLUDE_SOURCE;
				MTL_FAST_MATH = YES;
				ONLY_ACTIVE_ARCH = YES;
				SDKROOT = iphoneos;
				SWIFT_ACTIVE_COMPILATION_CONDITIONS = DEBUG;
				SWIFT_OPTIMIZATION_LEVEL = "-Onone";
			};
			name = Debug;
		};
		5734756F21DA90C800FB6177 /* Release */ = {
			isa = XCBuildConfiguration;
			buildSettings = {
				ALWAYS_SEARCH_USER_PATHS = NO;
				CLANG_ANALYZER_NONNULL = YES;
				CLANG_ANALYZER_NUMBER_OBJECT_CONVERSION = YES_AGGRESSIVE;
				CLANG_CXX_LANGUAGE_STANDARD = "gnu++14";
				CLANG_CXX_LIBRARY = "libc++";
				CLANG_ENABLE_MODULES = YES;
				CLANG_ENABLE_OBJC_ARC = YES;
				CLANG_ENABLE_OBJC_WEAK = YES;
				CLANG_WARN_BLOCK_CAPTURE_AUTORELEASING = YES;
				CLANG_WARN_BOOL_CONVERSION = YES;
				CLANG_WARN_COMMA = YES;
				CLANG_WARN_CONSTANT_CONVERSION = YES;
				CLANG_WARN_DEPRECATED_OBJC_IMPLEMENTATIONS = YES;
				CLANG_WARN_DIRECT_OBJC_ISA_USAGE = YES_ERROR;
				CLANG_WARN_DOCUMENTATION_COMMENTS = YES;
				CLANG_WARN_EMPTY_BODY = YES;
				CLANG_WARN_ENUM_CONVERSION = YES;
				CLANG_WARN_INFINITE_RECURSION = YES;
				CLANG_WARN_INT_CONVERSION = YES;
				CLANG_WARN_NON_LITERAL_NULL_CONVERSION = YES;
				CLANG_WARN_OBJC_IMPLICIT_RETAIN_SELF = YES;
				CLANG_WARN_OBJC_LITERAL_CONVERSION = YES;
				CLANG_WARN_OBJC_ROOT_CLASS = YES_ERROR;
				CLANG_WARN_RANGE_LOOP_ANALYSIS = YES;
				CLANG_WARN_STRICT_PROTOTYPES = YES;
				CLANG_WARN_SUSPICIOUS_MOVE = YES;
				CLANG_WARN_UNGUARDED_AVAILABILITY = YES_AGGRESSIVE;
				CLANG_WARN_UNREACHABLE_CODE = YES;
				CLANG_WARN__DUPLICATE_METHOD_MATCH = YES;
				CODE_SIGN_IDENTITY = "iPhone Developer";
				COPY_PHASE_STRIP = NO;
				DEBUG_INFORMATION_FORMAT = "dwarf-with-dsym";
				ENABLE_NS_ASSERTIONS = NO;
				ENABLE_STRICT_OBJC_MSGSEND = YES;
				GCC_C_LANGUAGE_STANDARD = gnu11;
				GCC_NO_COMMON_BLOCKS = YES;
				GCC_WARN_64_TO_32_BIT_CONVERSION = YES;
				GCC_WARN_ABOUT_RETURN_TYPE = YES_ERROR;
				GCC_WARN_UNDECLARED_SELECTOR = YES;
				GCC_WARN_UNINITIALIZED_AUTOS = YES_AGGRESSIVE;
				GCC_WARN_UNUSED_FUNCTION = YES;
				GCC_WARN_UNUSED_VARIABLE = YES;
				IPHONEOS_DEPLOYMENT_TARGET = 12.1;
				MTL_ENABLE_DEBUG_INFO = NO;
				MTL_FAST_MATH = YES;
				SDKROOT = iphoneos;
				SWIFT_COMPILATION_MODE = wholemodule;
				SWIFT_OPTIMIZATION_LEVEL = "-O";
				VALIDATE_PRODUCT = YES;
			};
			name = Release;
		};
		5734757121DA90C800FB6177 /* Debug */ = {
			isa = XCBuildConfiguration;
			buildSettings = {
				ASSETCATALOG_COMPILER_APPICON_NAME = AppIcon;
				CODE_SIGN_STYLE = Automatic;
				DEVELOPMENT_TEAM = "";
				INFOPLIST_FILE = Elements/Info.plist;
				IPHONEOS_DEPLOYMENT_TARGET = 13.2;
				LD_RUNPATH_SEARCH_PATHS = (
					"$(inherited)",
					"@executable_path/Frameworks",
				);
				PRODUCT_BUNDLE_IDENTIFIER = org.pursuit.Elements;
				PRODUCT_NAME = "$(TARGET_NAME)";
				SWIFT_VERSION = 4.2;
				TARGETED_DEVICE_FAMILY = "1,2";
			};
			name = Debug;
		};
		5734757221DA90C800FB6177 /* Release */ = {
			isa = XCBuildConfiguration;
			buildSettings = {
				ASSETCATALOG_COMPILER_APPICON_NAME = AppIcon;
				CODE_SIGN_STYLE = Automatic;
				DEVELOPMENT_TEAM = "";
				INFOPLIST_FILE = Elements/Info.plist;
				IPHONEOS_DEPLOYMENT_TARGET = 13.2;
				LD_RUNPATH_SEARCH_PATHS = (
					"$(inherited)",
					"@executable_path/Frameworks",
				);
				PRODUCT_BUNDLE_IDENTIFIER = org.pursuit.Elements;
				PRODUCT_NAME = "$(TARGET_NAME)";
				SWIFT_VERSION = 4.2;
				TARGETED_DEVICE_FAMILY = "1,2";
			};
			name = Release;
		};
		806781EB23AC1CFE0020C9CF /* Debug */ = {
			isa = XCBuildConfiguration;
			buildSettings = {
				BUNDLE_LOADER = "$(TEST_HOST)";
				CODE_SIGN_STYLE = Automatic;
				DEVELOPMENT_TEAM = P547T297G7;
				INFOPLIST_FILE = ElementsTests/Info.plist;
				IPHONEOS_DEPLOYMENT_TARGET = 13.2;
				LD_RUNPATH_SEARCH_PATHS = (
					"$(inherited)",
					"@executable_path/Frameworks",
					"@loader_path/Frameworks",
				);
				PRODUCT_BUNDLE_IDENTIFIER = com.MaitreeBain.ElementsTests;
				PRODUCT_NAME = "$(TARGET_NAME)";
				SWIFT_VERSION = 5.0;
				TARGETED_DEVICE_FAMILY = "1,2";
				TEST_HOST = "$(BUILT_PRODUCTS_DIR)/Elements.app/Elements";
			};
			name = Debug;
		};
		806781EC23AC1CFE0020C9CF /* Release */ = {
			isa = XCBuildConfiguration;
			buildSettings = {
				BUNDLE_LOADER = "$(TEST_HOST)";
				CODE_SIGN_STYLE = Automatic;
				DEVELOPMENT_TEAM = P547T297G7;
				INFOPLIST_FILE = ElementsTests/Info.plist;
				IPHONEOS_DEPLOYMENT_TARGET = 13.2;
				LD_RUNPATH_SEARCH_PATHS = (
					"$(inherited)",
					"@executable_path/Frameworks",
					"@loader_path/Frameworks",
				);
				PRODUCT_BUNDLE_IDENTIFIER = com.MaitreeBain.ElementsTests;
				PRODUCT_NAME = "$(TARGET_NAME)";
				SWIFT_VERSION = 5.0;
				TARGETED_DEVICE_FAMILY = "1,2";
				TEST_HOST = "$(BUILT_PRODUCTS_DIR)/Elements.app/Elements";
			};
			name = Release;
		};
/* End XCBuildConfiguration section */

/* Begin XCConfigurationList section */
		5734755921DA90C700FB6177 /* Build configuration list for PBXProject "Elements" */ = {
			isa = XCConfigurationList;
			buildConfigurations = (
				5734756E21DA90C800FB6177 /* Debug */,
				5734756F21DA90C800FB6177 /* Release */,
			);
			defaultConfigurationIsVisible = 0;
			defaultConfigurationName = Release;
		};
		5734757021DA90C800FB6177 /* Build configuration list for PBXNativeTarget "Elements" */ = {
			isa = XCConfigurationList;
			buildConfigurations = (
				5734757121DA90C800FB6177 /* Debug */,
				5734757221DA90C800FB6177 /* Release */,
			);
			defaultConfigurationIsVisible = 0;
			defaultConfigurationName = Release;
		};
		806781EA23AC1CFE0020C9CF /* Build configuration list for PBXNativeTarget "ElementsTests" */ = {
			isa = XCConfigurationList;
			buildConfigurations = (
				806781EB23AC1CFE0020C9CF /* Debug */,
				806781EC23AC1CFE0020C9CF /* Release */,
			);
			defaultConfigurationIsVisible = 0;
			defaultConfigurationName = Release;
		};
/* End XCConfigurationList section */
	};
	rootObject = 5734755621DA90C700FB6177 /* Project object */;
}
